{
    "name": "khmer-ip-generator",
    "version": "2.0.4",
    "lockfileVersion": 3,
    "requires": true,
    "packages": {
        "": {
            "name": "khmer-ip-generator",
            "version": "2.0.4",
            "license": "MIT",
            "dependencies": {
                "khmer-ip-generator": "^1.0.3"
            }
        },
        "node_modules/khmer-ip-generator": {
            "version": "1.0.3",
            "resolved": "https://registry.npmjs.org/khmer-ip-generator/-/khmer-ip-generator-1.0.3.tgz",
            "integrity": "sha512-n59LJNZcT4SLWMS35EL3oI7aBe4Uz1tAvsuhtvFtwEpqxxqJtttX9oh9Oen44yqMg6vVE8D7vcaYysaat/QdZA==",
            "license": "MIT"
        }
    }
}
